
Microsoft Visual Studio Solution File, Format Version 12.00
# Visual Studio Version 16
VisualStudioVersion = 16.0.29905.134
MinimumVisualStudioVersion = 10.0.40219.1
Project("{FAE04EC0-301F-11D3-BF4B-00C04F79EFBC}") = "DockerWorkshop Demo app", "DockerWorkshop Demo app\DockerWorkshop Demo app.csproj", "{831D5C24-B281-4D17-BB61-F2B900217BBE}"
EndProject
Global
	GlobalSection(SolutionConfigurationPlatforms) = preSolution
		Debug|Any CPU = Debug|Any CPU
		Release|Any CPU = Release|Any CPU
	EndGlobalSection
	GlobalSection(ProjectConfigurationPlatforms) = postSolution
		{831D5C24-B281-4D17-BB61-F2B900217BBE}.Debug|Any CPU.ActiveCfg = Debug|Any CPU
		{831D5C24-B281-4D17-BB61-F2B900217BBE}.Debug|Any CPU.Build.0 = Debug|Any CPU
		{831D5C24-B281-4D17-BB61-F2B900217BBE}.Release|Any CPU.ActiveCfg = Release|Any CPU
		{831D5C24-B281-4D17-BB61-F2B900217BBE}.Release|Any CPU.Build.0 = Release|Any CPU
	EndGlobalSection
	GlobalSection(SolutionProperties) = preSolution
		HideSolutionNode = FALSE
	EndGlobalSection
	GlobalSection(ExtensibilityGlobals) = postSolution
		SolutionGuid = {785DCA86-6613-4325-A031-2EC00971F615}
	EndGlobalSection
EndGlobal
